{
  "requires": true,
  "lockfileVersion": 1,
  "dependencies": {
    "@types/lodash": {
      "version": "4.14.175",
      "resolved": "https://registry.npmjs.org/@types/lodash/-/lodash-4.14.175.tgz",
      "integrity": "sha512-XmdEOrKQ8a1Y/yxQFOMbC47G/V2VDO1GvMRnl4O75M4GW/abC5tnfzadQYkqEveqRM1dEJGFFegfPNA2vvx2iw=="
    },
    "@types/lodash.groupby": {
      "version": "4.6.6",
      "resolved": "https://registry.npmjs.org/@types/lodash.groupby/-/lodash.groupby-4.6.6.tgz",
      "integrity": "sha512-kwg3T7Ia63KtDNoQQR8hKrLHCAgrH4I44l5uEMuA6JCbj7DiSccaV4tNV1vbjtAOpX990SolVthJCmBVtRVRgw==",
      "requires": {
        "@types/lodash": "*"
      }
    }
  }
}
