{
  "requires": true,
  "lockfileVersion": 1,
  "dependencies": {
    "@react-leaflet/core": {
      "version": "1.1.1",
      "resolved": "https://registry.npmjs.org/@react-leaflet/core/-/core-1.1.1.tgz",
      "integrity": "sha512-7PGLWa9MZ5x/cWy8EH2VzI4T8q5WpuHbixzCDXqixP/WyqwIrg5NDUPgYuFnB4IEIZF+6nA265mYzswFo/h1Pw=="
    },
    "@types/geojson": {
      "version": "7946.0.8",
      "resolved": "https://registry.npmjs.org/@types/geojson/-/geojson-7946.0.8.tgz",
      "integrity": "sha512-1rkryxURpr6aWP7R786/UQOkJ3PcpQiWkAXBmdWc7ryFWqN6a4xfK7BtjXvFBKO9LjQ+MWQSWxYeZX1OApnArA==",
      "dev": true
    },
    "@types/leaflet": {
      "version": "1.7.5",
      "resolved": "https://registry.npmjs.org/@types/leaflet/-/leaflet-1.7.5.tgz",
      "integrity": "sha512-+Myo00Yb5OuvUyrH+vUwn9DRgOaBJsF/etIMdMcNhWGBMo58Mo1cxLInvCd0ZpvItju/AeDYFB/Od2pLiHB3VA==",
      "dev": true,
      "requires": {
        "@types/geojson": "*"
      }
    },
    "react-leaflet": {
      "version": "3.2.2",
      "resolved": "https://registry.npmjs.org/react-leaflet/-/react-leaflet-3.2.2.tgz",
      "integrity": "sha512-5W7iWjI9+CdTGVAICe8RUyK0n+uLshr+eLQa8eBCbmstPNpCHZJTUSbju4Ws5dkS/PUCr9t5VmoIE9CXuSBEhw==",
      "requires": {
        "@react-leaflet/core": "^1.1.1"
      }
    }
  }
}
